
Microsoft Visual Studio Solution File, Format Version 12.00
# Visual Studio Version 17
VisualStudioVersion = 17.10.35013.160
MinimumVisualStudioVersion = 10.0.40219.1
Project("{FAE04EC0-301F-11D3-BF4B-00C04F79EFBC}") = "StudentTable", "StudentTable\StudentTable.csproj", "{2B1CFFFC-13A4-4B18-AAF5-C0CB02C55363}"
EndProject
Global
	GlobalSection(SolutionConfigurationPlatforms) = preSolution
		Debug|Any CPU = Debug|Any CPU
		Release|Any CPU = Release|Any CPU
	EndGlobalSection
	GlobalSection(ProjectConfigurationPlatforms) = postSolution
		{2B1CFFFC-13A4-4B18-AAF5-C0CB02C55363}.Debug|Any CPU.ActiveCfg = Debug|Any CPU
		{2B1CFFFC-13A4-4B18-AAF5-C0CB02C55363}.Debug|Any CPU.Build.0 = Debug|Any CPU
		{2B1CFFFC-13A4-4B18-AAF5-C0CB02C55363}.Release|Any CPU.ActiveCfg = Release|Any CPU
		{2B1CFFFC-13A4-4B18-AAF5-C0CB02C55363}.Release|Any CPU.Build.0 = Release|Any CPU
	EndGlobalSection
	GlobalSection(SolutionProperties) = preSolution
		HideSolutionNode = FALSE
	EndGlobalSection
	GlobalSection(ExtensibilityGlobals) = postSolution
		SolutionGuid = {D839592F-6FD0-4267-8427-DD1866E1F951}
	EndGlobalSection
EndGlobal
